
Microsoft Visual Studio Solution File, Format Version 12.00
# Visual Studio Version 16
VisualStudioVersion = 16.0.30204.135
MinimumVisualStudioVersion = 10.0.40219.1
Project("{9A19103F-16F7-4668-BE54-9A1E7A4F7556}") = "Lab3_4", "Lab3_4\Lab3_4.csproj", "{B0011503-5F30-4FF7-8DF0-BA7F8A5D22E1}"
EndProject
Global
	GlobalSection(SolutionConfigurationPlatforms) = preSolution
		Debug|Any CPU = Debug|Any CPU
		Release|Any CPU = Release|Any CPU
	EndGlobalSection
	GlobalSection(ProjectConfigurationPlatforms) = postSolution
		{B0011503-5F30-4FF7-8DF0-BA7F8A5D22E1}.Debug|Any CPU.ActiveCfg = Debug|Any CPU
		{B0011503-5F30-4FF7-8DF0-BA7F8A5D22E1}.Debug|Any CPU.Build.0 = Debug|Any CPU
		{B0011503-5F30-4FF7-8DF0-BA7F8A5D22E1}.Release|Any CPU.ActiveCfg = Release|Any CPU
		{B0011503-5F30-4FF7-8DF0-BA7F8A5D22E1}.Release|Any CPU.Build.0 = Release|Any CPU
	EndGlobalSection
	GlobalSection(SolutionProperties) = preSolution
		HideSolutionNode = FALSE
	EndGlobalSection
	GlobalSection(ExtensibilityGlobals) = postSolution
		SolutionGuid = {8CDC6106-D914-4E05-A863-8AA0F14C29F8}
	EndGlobalSection
EndGlobal
